
Microsoft Visual Studio Solution File, Format Version 12.00
# Visual Studio Version 17
VisualStudioVersion = 17.14.36518.9
MinimumVisualStudioVersion = 10.0.40219.1
Project("{FAE04EC0-301F-11D3-BF4B-00C04F79EFBC}") = "NavEd", "NavEd\NavEd.csproj", "{23B5BA25-1DA4-4DBF-8DC6-0B039B4C6FC2}"
EndProject
Global
	GlobalSection(SolutionConfigurationPlatforms) = preSolution
		Debug|Any CPU = Debug|Any CPU
		Release|Any CPU = Release|Any CPU
	EndGlobalSection
	GlobalSection(ProjectConfigurationPlatforms) = postSolution
		{23B5BA25-1DA4-4DBF-8DC6-0B039B4C6FC2}.Debug|Any CPU.ActiveCfg = Debug|Any CPU
		{23B5BA25-1DA4-4DBF-8DC6-0B039B4C6FC2}.Debug|Any CPU.Build.0 = Debug|Any CPU
		{23B5BA25-1DA4-4DBF-8DC6-0B039B4C6FC2}.Release|Any CPU.ActiveCfg = Release|Any CPU
		{23B5BA25-1DA4-4DBF-8DC6-0B039B4C6FC2}.Release|Any CPU.Build.0 = Release|Any CPU
	EndGlobalSection
	GlobalSection(SolutionProperties) = preSolution
		HideSolutionNode = FALSE
	EndGlobalSection
	GlobalSection(ExtensibilityGlobals) = postSolution
		SolutionGuid = {1EFBC0D3-3E5A-41F1-A328-8C278535FCAB}
	EndGlobalSection
EndGlobal
